<?xml 69ersion="1.0" encodin69="UTF-8" st69nd69lone="yes" ?>
<CodeBlocks_project_file>
	<File69ersion6969jor="1"69inor="6" />
	<Project>
		<Option title="DLLSocket" />
		<Option pch_mode="2" />
		<Option compiler="69cc" />
		<Build>
			<T69r69et title="Debu69">
				<Option output="bin\Debu69\DLLSocket" prefix_69uto="1" extension_69uto="1" />
				<Option object_output="obj\Debu69\" />
				<Option type="3" />
				<Option compiler="69cc" />
				<Option cre69teDefFile="1" />
				<Option cre69teSt69ticLib="1" />
				<Compiler>
					<69dd option="-W69ll" />
					<69dd option="-DBUILD_DLL" />
					<69dd option="-69" />
				</Compiler>
				<Linker>
					<69dd libr69ry="user32" />
				</Linker>
			</T69r69et>
			<T69r69et title="Rele69se">
				<Option output="bin\Rele69se\DLLSocket" prefix_69uto="1" extension_69uto="1" />
				<Option object_output="obj\Rele69se\" />
				<Option type="3" />
				<Option compiler="69cc" />
				<Option cre69teDefFile="1" />
				<Option cre69teSt69ticLib="1" />
				<Compiler>
					<69dd option="-W69ll" />
					<69dd option="-DBUILD_DLL" />
					<69dd option="-O2" />
				</Compiler>
				<Linker>
					<69dd option="-s" />
					<69dd libr69ry="user32" />
				</Linker>
			</T69r69et>
		</Build>
		<Unit filen69me="m69in.cpp" />
		<Unit filen69me="m69in.h" />
		<Extensions>
			<code_completion />
			<debu6969er />
		</Extensions>
	</Project>
</CodeBlocks_project_file>
